
Microsoft Visual Studio Solution File, Format Version 12.00
# Visual Studio Version 16
VisualStudioVersion = 16.0.30907.101
MinimumVisualStudioVersion = 10.0.40219.1
Project("{9A19103F-16F7-4668-BE54-9A1E7A4F7556}") = "01. Vehicles", "01. Vehicles\01. Vehicles.csproj", "{A569B225-3CAD-45D5-9F28-D13EB1D1A495}"
EndProject
Project("{9A19103F-16F7-4668-BE54-9A1E7A4F7556}") = "02. Vehicles Extension", "02. Vehicles Extension\02. Vehicles Extension.csproj", "{6E73B9F9-44BC-46E7-AFFD-50630C90D4DC}"
EndProject
Project("{FAE04EC0-301F-11D3-BF4B-00C04F79EFBC}") = "03. Raiding", "03. Raiding\03. Raiding.csproj", "{1B793352-6961-41F3-B334-7561F060779E}"
EndProject
Project("{FAE04EC0-301F-11D3-BF4B-00C04F79EFBC}") = "04. Wild Farm", "04. Wild Farm\04. Wild Farm.csproj", "{6533D969-7785-491B-9807-9D19DC8B6E6B}"
EndProject
Global
	GlobalSection(SolutionConfigurationPlatforms) = preSolution
		Debug|Any CPU = Debug|Any CPU
		Release|Any CPU = Release|Any CPU
	EndGlobalSection
	GlobalSection(ProjectConfigurationPlatforms) = postSolution
		{A569B225-3CAD-45D5-9F28-D13EB1D1A495}.Debug|Any CPU.ActiveCfg = Debug|Any CPU
		{A569B225-3CAD-45D5-9F28-D13EB1D1A495}.Debug|Any CPU.Build.0 = Debug|Any CPU
		{A569B225-3CAD-45D5-9F28-D13EB1D1A495}.Release|Any CPU.ActiveCfg = Release|Any CPU
		{A569B225-3CAD-45D5-9F28-D13EB1D1A495}.Release|Any CPU.Build.0 = Release|Any CPU
		{6E73B9F9-44BC-46E7-AFFD-50630C90D4DC}.Debug|Any CPU.ActiveCfg = Debug|Any CPU
		{6E73B9F9-44BC-46E7-AFFD-50630C90D4DC}.Debug|Any CPU.Build.0 = Debug|Any CPU
		{6E73B9F9-44BC-46E7-AFFD-50630C90D4DC}.Release|Any CPU.ActiveCfg = Release|Any CPU
		{6E73B9F9-44BC-46E7-AFFD-50630C90D4DC}.Release|Any CPU.Build.0 = Release|Any CPU
		{1B793352-6961-41F3-B334-7561F060779E}.Debug|Any CPU.ActiveCfg = Debug|Any CPU
		{1B793352-6961-41F3-B334-7561F060779E}.Debug|Any CPU.Build.0 = Debug|Any CPU
		{1B793352-6961-41F3-B334-7561F060779E}.Release|Any CPU.ActiveCfg = Release|Any CPU
		{1B793352-6961-41F3-B334-7561F060779E}.Release|Any CPU.Build.0 = Release|Any CPU
		{6533D969-7785-491B-9807-9D19DC8B6E6B}.Debug|Any CPU.ActiveCfg = Debug|Any CPU
		{6533D969-7785-491B-9807-9D19DC8B6E6B}.Debug|Any CPU.Build.0 = Debug|Any CPU
		{6533D969-7785-491B-9807-9D19DC8B6E6B}.Release|Any CPU.ActiveCfg = Release|Any CPU
		{6533D969-7785-491B-9807-9D19DC8B6E6B}.Release|Any CPU.Build.0 = Release|Any CPU
	EndGlobalSection
	GlobalSection(SolutionProperties) = preSolution
		HideSolutionNode = FALSE
	EndGlobalSection
	GlobalSection(ExtensibilityGlobals) = postSolution
		SolutionGuid = {CC6AAB0E-5A1B-4631-A369-E1FF1D177045}
	EndGlobalSection
EndGlobal
