
Microsoft Visual Studio Solution File, Format Version 12.00
# Visual Studio Version 16
VisualStudioVersion = 16.0.30907.101
MinimumVisualStudioVersion = 10.0.40219.1
Project("{FAE04EC0-301F-11D3-BF4B-00C04F79EFBC}") = "01. Single Inheritance", "01. Single Inheritance\01. Single Inheritance.csproj", "{F1453DC3-AD3B-45B8-9EDE-13D96203801A}"
EndProject
Project("{FAE04EC0-301F-11D3-BF4B-00C04F79EFBC}") = "02. Multiple Inheritance", "02. Multiple Inheritance\02. Multiple Inheritance.csproj", "{6DF22777-773E-438D-BAB5-8C1DC32CE633}"
EndProject
Project("{FAE04EC0-301F-11D3-BF4B-00C04F79EFBC}") = "03. Hierarchical Inheritance", "03. Hierarchical Inheritance\03. Hierarchical Inheritance.csproj", "{F7506E8E-1638-4F2C-A5D8-3A2DC91746F1}"
EndProject
Project("{FAE04EC0-301F-11D3-BF4B-00C04F79EFBC}") = "04. Random List", "04. Random List\04. Random List.csproj", "{F8BFD66C-5945-462F-9146-3769BBDDC600}"
EndProject
Project("{FAE04EC0-301F-11D3-BF4B-00C04F79EFBC}") = "05. Stack of Strings", "05. Stack of Strings\05. Stack of Strings.csproj", "{23B569F2-DDB4-4992-BCDB-49AC90F360DF}"
EndProject
Global
	GlobalSection(SolutionConfigurationPlatforms) = preSolution
		Debug|Any CPU = Debug|Any CPU
		Release|Any CPU = Release|Any CPU
	EndGlobalSection
	GlobalSection(ProjectConfigurationPlatforms) = postSolution
		{F1453DC3-AD3B-45B8-9EDE-13D96203801A}.Debug|Any CPU.ActiveCfg = Debug|Any CPU
		{F1453DC3-AD3B-45B8-9EDE-13D96203801A}.Debug|Any CPU.Build.0 = Debug|Any CPU
		{F1453DC3-AD3B-45B8-9EDE-13D96203801A}.Release|Any CPU.ActiveCfg = Release|Any CPU
		{F1453DC3-AD3B-45B8-9EDE-13D96203801A}.Release|Any CPU.Build.0 = Release|Any CPU
		{6DF22777-773E-438D-BAB5-8C1DC32CE633}.Debug|Any CPU.ActiveCfg = Debug|Any CPU
		{6DF22777-773E-438D-BAB5-8C1DC32CE633}.Debug|Any CPU.Build.0 = Debug|Any CPU
		{6DF22777-773E-438D-BAB5-8C1DC32CE633}.Release|Any CPU.ActiveCfg = Release|Any CPU
		{6DF22777-773E-438D-BAB5-8C1DC32CE633}.Release|Any CPU.Build.0 = Release|Any CPU
		{F7506E8E-1638-4F2C-A5D8-3A2DC91746F1}.Debug|Any CPU.ActiveCfg = Debug|Any CPU
		{F7506E8E-1638-4F2C-A5D8-3A2DC91746F1}.Debug|Any CPU.Build.0 = Debug|Any CPU
		{F7506E8E-1638-4F2C-A5D8-3A2DC91746F1}.Release|Any CPU.ActiveCfg = Release|Any CPU
		{F7506E8E-1638-4F2C-A5D8-3A2DC91746F1}.Release|Any CPU.Build.0 = Release|Any CPU
		{F8BFD66C-5945-462F-9146-3769BBDDC600}.Debug|Any CPU.ActiveCfg = Debug|Any CPU
		{F8BFD66C-5945-462F-9146-3769BBDDC600}.Debug|Any CPU.Build.0 = Debug|Any CPU
		{F8BFD66C-5945-462F-9146-3769BBDDC600}.Release|Any CPU.ActiveCfg = Release|Any CPU
		{F8BFD66C-5945-462F-9146-3769BBDDC600}.Release|Any CPU.Build.0 = Release|Any CPU
		{23B569F2-DDB4-4992-BCDB-49AC90F360DF}.Debug|Any CPU.ActiveCfg = Debug|Any CPU
		{23B569F2-DDB4-4992-BCDB-49AC90F360DF}.Debug|Any CPU.Build.0 = Debug|Any CPU
		{23B569F2-DDB4-4992-BCDB-49AC90F360DF}.Release|Any CPU.ActiveCfg = Release|Any CPU
		{23B569F2-DDB4-4992-BCDB-49AC90F360DF}.Release|Any CPU.Build.0 = Release|Any CPU
	EndGlobalSection
	GlobalSection(SolutionProperties) = preSolution
		HideSolutionNode = FALSE
	EndGlobalSection
	GlobalSection(ExtensibilityGlobals) = postSolution
		SolutionGuid = {C196E32A-9C51-455A-9334-658204485990}
	EndGlobalSection
EndGlobal
