
Microsoft Visual Studio Solution File, Format Version 12.00
# Visual Studio Version 16
VisualStudioVersion = 16.0.30413.136
MinimumVisualStudioVersion = 10.0.40219.1
Project("{9A19103F-16F7-4668-BE54-9A1E7A4F7556}") = "Heroes", "Heroes\Heroes.csproj", "{B58E093A-C737-4B6B-BAFB-341F9D1CB8CD}"
EndProject
Project("{9A19103F-16F7-4668-BE54-9A1E7A4F7556}") = "ClubParty", "ClubParty\ClubParty.csproj", "{4D18B142-C32C-4BAE-8163-DE2E21607A26}"
EndProject
Project("{FAE04EC0-301F-11D3-BF4B-00C04F79EFBC}") = "TronRacers", "TronRacers\TronRacers.csproj", "{D909DC4E-CF67-40B8-927B-6BAD99FFC342}"
EndProject
Global
	GlobalSection(SolutionConfigurationPlatforms) = preSolution
		Debug|Any CPU = Debug|Any CPU
		Release|Any CPU = Release|Any CPU
	EndGlobalSection
	GlobalSection(ProjectConfigurationPlatforms) = postSolution
		{B58E093A-C737-4B6B-BAFB-341F9D1CB8CD}.Debug|Any CPU.ActiveCfg = Debug|Any CPU
		{B58E093A-C737-4B6B-BAFB-341F9D1CB8CD}.Debug|Any CPU.Build.0 = Debug|Any CPU
		{B58E093A-C737-4B6B-BAFB-341F9D1CB8CD}.Release|Any CPU.ActiveCfg = Release|Any CPU
		{B58E093A-C737-4B6B-BAFB-341F9D1CB8CD}.Release|Any CPU.Build.0 = Release|Any CPU
		{4D18B142-C32C-4BAE-8163-DE2E21607A26}.Debug|Any CPU.ActiveCfg = Debug|Any CPU
		{4D18B142-C32C-4BAE-8163-DE2E21607A26}.Debug|Any CPU.Build.0 = Debug|Any CPU
		{4D18B142-C32C-4BAE-8163-DE2E21607A26}.Release|Any CPU.ActiveCfg = Release|Any CPU
		{4D18B142-C32C-4BAE-8163-DE2E21607A26}.Release|Any CPU.Build.0 = Release|Any CPU
		{D909DC4E-CF67-40B8-927B-6BAD99FFC342}.Debug|Any CPU.ActiveCfg = Debug|Any CPU
		{D909DC4E-CF67-40B8-927B-6BAD99FFC342}.Debug|Any CPU.Build.0 = Debug|Any CPU
		{D909DC4E-CF67-40B8-927B-6BAD99FFC342}.Release|Any CPU.ActiveCfg = Release|Any CPU
		{D909DC4E-CF67-40B8-927B-6BAD99FFC342}.Release|Any CPU.Build.0 = Release|Any CPU
	EndGlobalSection
	GlobalSection(SolutionProperties) = preSolution
		HideSolutionNode = FALSE
	EndGlobalSection
	GlobalSection(ExtensibilityGlobals) = postSolution
		SolutionGuid = {5597537D-24FF-439F-BE80-2658DAC773E1}
	EndGlobalSection
EndGlobal
